{
  "requires": true,
  "lockfileVersion": 1,
  "dependencies": {
    "mint-filter": {
      "version": "3.0.1",
      "resolved": "https://registry.npmmirror.com/mint-filter/-/mint-filter-3.0.1.tgz",
      "integrity": "sha512-mBMrNggwa5JtMvBWx0hC4t04iGwHChovV7gg+43CQg+vHYxPiHCwEc3DYHC0Wdq+Hxt2HBP0HdsT0QKmSxE9tA=="
    }
  }
}
